
Microsoft Visual Studio Solution File, Format Version 12.00
# Visual Studio Version 16
VisualStudioVersion = 16.0.31702.278
MinimumVisualStudioVersion = 10.0.40219.1
Project("{9A19103F-16F7-4668-BE54-9A1E7A4F7556}") = "HomeTask6", "HomeTask6\HomeTask6.csproj", "{009B201F-6E65-40D9-86EC-0B0506A42F1A}"
EndProject
Project("{9A19103F-16F7-4668-BE54-9A1E7A4F7556}") = "WeaponDLL", "Weapon\WeaponDLL.csproj", "{5A634978-C302-42E9-A1F5-0B435651E02B}"
EndProject
Global
	GlobalSection(SolutionConfigurationPlatforms) = preSolution
		Debug|Any CPU = Debug|Any CPU
		Release|Any CPU = Release|Any CPU
	EndGlobalSection
	GlobalSection(ProjectConfigurationPlatforms) = postSolution
		{009B201F-6E65-40D9-86EC-0B0506A42F1A}.Debug|Any CPU.ActiveCfg = Debug|Any CPU
		{009B201F-6E65-40D9-86EC-0B0506A42F1A}.Debug|Any CPU.Build.0 = Debug|Any CPU
		{009B201F-6E65-40D9-86EC-0B0506A42F1A}.Release|Any CPU.ActiveCfg = Release|Any CPU
		{009B201F-6E65-40D9-86EC-0B0506A42F1A}.Release|Any CPU.Build.0 = Release|Any CPU
		{5A634978-C302-42E9-A1F5-0B435651E02B}.Debug|Any CPU.ActiveCfg = Debug|Any CPU
		{5A634978-C302-42E9-A1F5-0B435651E02B}.Debug|Any CPU.Build.0 = Debug|Any CPU
		{5A634978-C302-42E9-A1F5-0B435651E02B}.Release|Any CPU.ActiveCfg = Release|Any CPU
		{5A634978-C302-42E9-A1F5-0B435651E02B}.Release|Any CPU.Build.0 = Release|Any CPU
	EndGlobalSection
	GlobalSection(SolutionProperties) = preSolution
		HideSolutionNode = FALSE
	EndGlobalSection
	GlobalSection(ExtensibilityGlobals) = postSolution
		SolutionGuid = {9BA50CCB-4D2C-4ACD-A5EB-FF8CF2559FE4}
	EndGlobalSection
EndGlobal
